
Microsoft Visual Studio Solution File, Format Version 12.00
# Visual Studio Version 16
VisualStudioVersion = 16.0.28917.182
MinimumVisualStudioVersion = 10.0.40219.1
Project("{FAE04EC0-301F-11D3-BF4B-00C04F79EFBC}") = "ConsoleSnake", "ConsoleSnake\ConsoleSnake.csproj", "{FFF3397F-3302-479C-AA52-9CAC0FE3FAA3}"
EndProject
Global
	GlobalSection(SolutionConfigurationPlatforms) = preSolution
		Debug|Any CPU = Debug|Any CPU
		Release|Any CPU = Release|Any CPU
	EndGlobalSection
	GlobalSection(ProjectConfigurationPlatforms) = postSolution
		{FFF3397F-3302-479C-AA52-9CAC0FE3FAA3}.Debug|Any CPU.ActiveCfg = Debug|Any CPU
		{FFF3397F-3302-479C-AA52-9CAC0FE3FAA3}.Debug|Any CPU.Build.0 = Debug|Any CPU
		{FFF3397F-3302-479C-AA52-9CAC0FE3FAA3}.Release|Any CPU.ActiveCfg = Release|Any CPU
		{FFF3397F-3302-479C-AA52-9CAC0FE3FAA3}.Release|Any CPU.Build.0 = Release|Any CPU
	EndGlobalSection
	GlobalSection(SolutionProperties) = preSolution
		HideSolutionNode = FALSE
	EndGlobalSection
	GlobalSection(ExtensibilityGlobals) = postSolution
		SolutionGuid = {85C6FDB8-520B-4F61-94A4-5A9D78D981D3}
	EndGlobalSection
EndGlobal
